
Microsoft Visual Studio Solution File, Format Version 12.00
# Visual Studio 15
VisualStudioVersion = 15.0.26730.12
MinimumVisualStudioVersion = 10.0.40219.1
Project("{FAE04EC0-301F-11D3-BF4B-00C04F79EFBC}") = "MockEksam", "MockEksam\MockEksam.csproj", "{F3B24106-7609-4E81-92DB-34D865A0EC63}"
EndProject
Project("{FAE04EC0-301F-11D3-BF4B-00C04F79EFBC}") = "MockEksamTests", "MockEksamTests\MockEksamTests.csproj", "{2168B0B3-7894-487B-936A-D19D445CB530}"
EndProject
Global
	GlobalSection(SolutionConfigurationPlatforms) = preSolution
		Debug|Any CPU = Debug|Any CPU
		Release|Any CPU = Release|Any CPU
	EndGlobalSection
	GlobalSection(ProjectConfigurationPlatforms) = postSolution
		{F3B24106-7609-4E81-92DB-34D865A0EC63}.Debug|Any CPU.ActiveCfg = Debug|Any CPU
		{F3B24106-7609-4E81-92DB-34D865A0EC63}.Debug|Any CPU.Build.0 = Debug|Any CPU
		{F3B24106-7609-4E81-92DB-34D865A0EC63}.Release|Any CPU.ActiveCfg = Release|Any CPU
		{F3B24106-7609-4E81-92DB-34D865A0EC63}.Release|Any CPU.Build.0 = Release|Any CPU
		{2168B0B3-7894-487B-936A-D19D445CB530}.Debug|Any CPU.ActiveCfg = Debug|Any CPU
		{2168B0B3-7894-487B-936A-D19D445CB530}.Debug|Any CPU.Build.0 = Debug|Any CPU
		{2168B0B3-7894-487B-936A-D19D445CB530}.Release|Any CPU.ActiveCfg = Release|Any CPU
		{2168B0B3-7894-487B-936A-D19D445CB530}.Release|Any CPU.Build.0 = Release|Any CPU
	EndGlobalSection
	GlobalSection(SolutionProperties) = preSolution
		HideSolutionNode = FALSE
	EndGlobalSection
	GlobalSection(ExtensibilityGlobals) = postSolution
		SolutionGuid = {C29D827C-7B32-4DE0-975B-98D30EC6BDB5}
	EndGlobalSection
EndGlobal
